
Microsoft Visual Studio Solution File, Format Version 12.00
Project("{FAE04EC0-301F-11D3-BF4B-00C04F79EFBC}") = "Con1", "Con1\Con1.csproj", "{B70E730C-07B4-462F-B9F3-DB91CE8CFDE7}"
EndProject
Project("{FAE04EC0-301F-11D3-BF4B-00C04F79EFBC}") = "Requester", "Requester\Requester.csproj", "{A441C1FF-3826-41B1-A574-91930C7E149A}"
EndProject
Global
	GlobalSection(SolutionConfigurationPlatforms) = preSolution
		Debug|Any CPU = Debug|Any CPU
		Release|Any CPU = Release|Any CPU
	EndGlobalSection
	GlobalSection(ProjectConfigurationPlatforms) = postSolution
		{B70E730C-07B4-462F-B9F3-DB91CE8CFDE7}.Debug|Any CPU.ActiveCfg = Debug|Any CPU
		{B70E730C-07B4-462F-B9F3-DB91CE8CFDE7}.Debug|Any CPU.Build.0 = Debug|Any CPU
		{B70E730C-07B4-462F-B9F3-DB91CE8CFDE7}.Release|Any CPU.ActiveCfg = Release|Any CPU
		{B70E730C-07B4-462F-B9F3-DB91CE8CFDE7}.Release|Any CPU.Build.0 = Release|Any CPU
		{A441C1FF-3826-41B1-A574-91930C7E149A}.Debug|Any CPU.ActiveCfg = Debug|Any CPU
		{A441C1FF-3826-41B1-A574-91930C7E149A}.Debug|Any CPU.Build.0 = Debug|Any CPU
		{A441C1FF-3826-41B1-A574-91930C7E149A}.Release|Any CPU.ActiveCfg = Release|Any CPU
		{A441C1FF-3826-41B1-A574-91930C7E149A}.Release|Any CPU.Build.0 = Release|Any CPU
	EndGlobalSection
EndGlobal
